
Microsoft Visual Studio Solution File, Format Version 12.00
# Visual Studio Version 17
VisualStudioVersion = 17.10.35004.147
MinimumVisualStudioVersion = 10.0.40219.1
Project("{FAE04EC0-301F-11D3-BF4B-00C04F79EFBC}") = "Web", "Web\Web.csproj", "{0C87DB15-9C8E-451B-B39E-8D54078524FE}"
EndProject
Global
	GlobalSection(SolutionConfigurationPlatforms) = preSolution
		Debug|Any CPU = Debug|Any CPU
		Release|Any CPU = Release|Any CPU
	EndGlobalSection
	GlobalSection(ProjectConfigurationPlatforms) = postSolution
		{0C87DB15-9C8E-451B-B39E-8D54078524FE}.Debug|Any CPU.ActiveCfg = Debug|Any CPU
		{0C87DB15-9C8E-451B-B39E-8D54078524FE}.Debug|Any CPU.Build.0 = Debug|Any CPU
		{0C87DB15-9C8E-451B-B39E-8D54078524FE}.Release|Any CPU.ActiveCfg = Release|Any CPU
		{0C87DB15-9C8E-451B-B39E-8D54078524FE}.Release|Any CPU.Build.0 = Release|Any CPU
	EndGlobalSection
	GlobalSection(SolutionProperties) = preSolution
		HideSolutionNode = FALSE
	EndGlobalSection
	GlobalSection(ExtensibilityGlobals) = postSolution
		SolutionGuid = {989EE483-C7BA-4DE2-9D13-6BBAB3C1D977}
	EndGlobalSection
EndGlobal
