
Microsoft Visual Studio Solution File, Format Version 12.00
# Visual Studio Version 17
VisualStudioVersion = 17.10.35004.147
MinimumVisualStudioVersion = 10.0.40219.1
Project("{FAE04EC0-301F-11D3-BF4B-00C04F79EFBC}") = "WebApi", "WebApi\WebApi.csproj", "{2A25AC34-B524-492D-BF4D-A6B5AC246C7A}"
EndProject
Project("{FAE04EC0-301F-11D3-BF4B-00C04F79EFBC}") = "BusinessLogicLayer", "BusinessLogicLayer\BusinessLogicLayer.csproj", "{A530D7C2-D49E-4344-B840-3527570DF26A}"
EndProject
Project("{FAE04EC0-301F-11D3-BF4B-00C04F79EFBC}") = "DataAccessLayer", "DataAccessLayer\DataAccessLayer.csproj", "{18E78AE0-10D1-497D-AB8A-0AC5BB83294C}"
EndProject
Global
	GlobalSection(SolutionConfigurationPlatforms) = preSolution
		Debug|Any CPU = Debug|Any CPU
		Release|Any CPU = Release|Any CPU
	EndGlobalSection
	GlobalSection(ProjectConfigurationPlatforms) = postSolution
		{2A25AC34-B524-492D-BF4D-A6B5AC246C7A}.Debug|Any CPU.ActiveCfg = Debug|Any CPU
		{2A25AC34-B524-492D-BF4D-A6B5AC246C7A}.Debug|Any CPU.Build.0 = Debug|Any CPU
		{2A25AC34-B524-492D-BF4D-A6B5AC246C7A}.Release|Any CPU.ActiveCfg = Release|Any CPU
		{2A25AC34-B524-492D-BF4D-A6B5AC246C7A}.Release|Any CPU.Build.0 = Release|Any CPU
		{A530D7C2-D49E-4344-B840-3527570DF26A}.Debug|Any CPU.ActiveCfg = Debug|Any CPU
		{A530D7C2-D49E-4344-B840-3527570DF26A}.Debug|Any CPU.Build.0 = Debug|Any CPU
		{A530D7C2-D49E-4344-B840-3527570DF26A}.Release|Any CPU.ActiveCfg = Release|Any CPU
		{A530D7C2-D49E-4344-B840-3527570DF26A}.Release|Any CPU.Build.0 = Release|Any CPU
		{18E78AE0-10D1-497D-AB8A-0AC5BB83294C}.Debug|Any CPU.ActiveCfg = Debug|Any CPU
		{18E78AE0-10D1-497D-AB8A-0AC5BB83294C}.Debug|Any CPU.Build.0 = Debug|Any CPU
		{18E78AE0-10D1-497D-AB8A-0AC5BB83294C}.Release|Any CPU.ActiveCfg = Release|Any CPU
		{18E78AE0-10D1-497D-AB8A-0AC5BB83294C}.Release|Any CPU.Build.0 = Release|Any CPU
	EndGlobalSection
	GlobalSection(SolutionProperties) = preSolution
		HideSolutionNode = FALSE
	EndGlobalSection
	GlobalSection(ExtensibilityGlobals) = postSolution
		SolutionGuid = {A3069393-8669-486E-BA8C-3159455FA884}
	EndGlobalSection
EndGlobal
